
Microsoft Visual Studio Solution File, Format Version 12.00
# Visual Studio Version 17
VisualStudioVersion = 17.13.35806.99 d17.13
MinimumVisualStudioVersion = 10.0.40219.1
Project("{FAE04EC0-301F-11D3-BF4B-00C04F79EFBC}") = "ManagementUser", "ManagementUser\ManagementUser.csproj", "{DFEDD5EF-F229-4D55-BA72-8826BFADCF3B}"
EndProject
Global
	GlobalSection(SolutionConfigurationPlatforms) = preSolution
		Debug|Any CPU = Debug|Any CPU
		Release|Any CPU = Release|Any CPU
	EndGlobalSection
	GlobalSection(ProjectConfigurationPlatforms) = postSolution
		{DFEDD5EF-F229-4D55-BA72-8826BFADCF3B}.Debug|Any CPU.ActiveCfg = Debug|Any CPU
		{DFEDD5EF-F229-4D55-BA72-8826BFADCF3B}.Debug|Any CPU.Build.0 = Debug|Any CPU
		{DFEDD5EF-F229-4D55-BA72-8826BFADCF3B}.Release|Any CPU.ActiveCfg = Release|Any CPU
		{DFEDD5EF-F229-4D55-BA72-8826BFADCF3B}.Release|Any CPU.Build.0 = Release|Any CPU
	EndGlobalSection
	GlobalSection(SolutionProperties) = preSolution
		HideSolutionNode = FALSE
	EndGlobalSection
	GlobalSection(ExtensibilityGlobals) = postSolution
		SolutionGuid = {A768B06A-9789-4BDE-9F89-0B4820AFA212}
	EndGlobalSection
EndGlobal
